
Microsoft Visual Studio Solution File, Format Version 12.00
# Visual Studio Version 17
VisualStudioVersion = 17.9.34622.214
MinimumVisualStudioVersion = 10.0.40219.1
Project("{888888A0-9F3D-457C-B088-3A5042F75D52}") = "lesson 9", "lesson 9\lesson 9.pyproj", "{23F27C28-C8A6-4A90-BF2A-AAA9EF09CC80}"
EndProject
Global
	GlobalSection(SolutionConfigurationPlatforms) = preSolution
		Debug|Any CPU = Debug|Any CPU
		Release|Any CPU = Release|Any CPU
	EndGlobalSection
	GlobalSection(ProjectConfigurationPlatforms) = postSolution
		{23F27C28-C8A6-4A90-BF2A-AAA9EF09CC80}.Debug|Any CPU.ActiveCfg = Debug|Any CPU
		{23F27C28-C8A6-4A90-BF2A-AAA9EF09CC80}.Release|Any CPU.ActiveCfg = Release|Any CPU
	EndGlobalSection
	GlobalSection(SolutionProperties) = preSolution
		HideSolutionNode = FALSE
	EndGlobalSection
	GlobalSection(ExtensibilityGlobals) = postSolution
		SolutionGuid = {B83DE401-55B6-4AB8-BE4C-90AEF406959B}
	EndGlobalSection
EndGlobal
