
Microsoft Visual Studio Solution File, Format Version 12.00
# Visual Studio Version 17
VisualStudioVersion = 17.9.34622.214
MinimumVisualStudioVersion = 10.0.40219.1
Project("{888888A0-9F3D-457C-B088-3A5042F75D52}") = "lesson 6", "lesson 6\lesson 6.pyproj", "{4C6D3F07-ECAE-4CEB-80C0-62F987893434}"
EndProject
Global
	GlobalSection(SolutionConfigurationPlatforms) = preSolution
		Debug|Any CPU = Debug|Any CPU
		Release|Any CPU = Release|Any CPU
	EndGlobalSection
	GlobalSection(ProjectConfigurationPlatforms) = postSolution
		{4C6D3F07-ECAE-4CEB-80C0-62F987893434}.Debug|Any CPU.ActiveCfg = Debug|Any CPU
		{4C6D3F07-ECAE-4CEB-80C0-62F987893434}.Release|Any CPU.ActiveCfg = Release|Any CPU
	EndGlobalSection
	GlobalSection(SolutionProperties) = preSolution
		HideSolutionNode = FALSE
	EndGlobalSection
	GlobalSection(ExtensibilityGlobals) = postSolution
		SolutionGuid = {1CBDD452-D38C-492D-A099-34A1097D4642}
	EndGlobalSection
EndGlobal
