
Microsoft Visual Studio Solution File, Format Version 12.00
# Visual Studio Version 17
VisualStudioVersion = 17.9.34622.214
MinimumVisualStudioVersion = 10.0.40219.1
Project("{888888A0-9F3D-457C-B088-3A5042F75D52}") = "HamgmanGame", "HamgmanGame\HamgmanGame.pyproj", "{C1A8BF29-EB5A-47D2-81F5-4638B1A9D2BC}"
EndProject
Global
	GlobalSection(SolutionConfigurationPlatforms) = preSolution
		Debug|Any CPU = Debug|Any CPU
		Release|Any CPU = Release|Any CPU
	EndGlobalSection
	GlobalSection(ProjectConfigurationPlatforms) = postSolution
		{C1A8BF29-EB5A-47D2-81F5-4638B1A9D2BC}.Debug|Any CPU.ActiveCfg = Debug|Any CPU
		{C1A8BF29-EB5A-47D2-81F5-4638B1A9D2BC}.Release|Any CPU.ActiveCfg = Release|Any CPU
	EndGlobalSection
	GlobalSection(SolutionProperties) = preSolution
		HideSolutionNode = FALSE
	EndGlobalSection
	GlobalSection(ExtensibilityGlobals) = postSolution
		SolutionGuid = {68897041-B6B1-477C-BDFB-28C4D70CCBF0}
	EndGlobalSection
EndGlobal
